
Microsoft Visual Studio Solution File, Format Version 12.00
# Visual Studio Version 16
VisualStudioVersion = 16.0.30621.155
MinimumVisualStudioVersion = 10.0.40219.1
Project("{FAE04EC0-301F-11D3-BF4B-00C04F79EFBC}") = "CorrectLogin", "CorrectLogin\CorrectLogin.csproj", "{D02ADC72-457F-4F24-A75A-B9DFDD31E49A}"
EndProject
Global
	GlobalSection(SolutionConfigurationPlatforms) = preSolution
		Debug|Any CPU = Debug|Any CPU
		Release|Any CPU = Release|Any CPU
	EndGlobalSection
	GlobalSection(ProjectConfigurationPlatforms) = postSolution
		{D02ADC72-457F-4F24-A75A-B9DFDD31E49A}.Debug|Any CPU.ActiveCfg = Debug|Any CPU
		{D02ADC72-457F-4F24-A75A-B9DFDD31E49A}.Debug|Any CPU.Build.0 = Debug|Any CPU
		{D02ADC72-457F-4F24-A75A-B9DFDD31E49A}.Release|Any CPU.ActiveCfg = Release|Any CPU
		{D02ADC72-457F-4F24-A75A-B9DFDD31E49A}.Release|Any CPU.Build.0 = Release|Any CPU
	EndGlobalSection
	GlobalSection(SolutionProperties) = preSolution
		HideSolutionNode = FALSE
	EndGlobalSection
	GlobalSection(ExtensibilityGlobals) = postSolution
		SolutionGuid = {7594EB25-6C50-4772-BB0B-F8AC89812E1D}
	EndGlobalSection
EndGlobal
